{"1.1.0",
[{<<"base64url">>,{pkg,<<"base64url">>,<<"1.0.1">>},1},
 {<<"erljwt">>,
  {git,"git://github.com/fholzhauser/erljwt.git",
       {ref,"d05cd5f7311dc3919e8d27d035a800ee997c580a"}},
  0},
 {<<"jsone">>,{pkg,<<"jsone">>,<<"1.5.2">>},1}]}.
[
{pkg_hash,[
 {<<"base64url">>, <<"F8C7F2DA04CA9A5D0F5F50258F055E1D699F0E8BF4CFDB30B750865368403CF6">>},
 {<<"jsone">>, <<"87ADEA283C9CF24767B4DEED44602989A5331156DF5D60A2660E9C9114D54046">>}]}
].
